// !$*UTF8*$!
{
	archiveVersion = 1;
	classes = {
	};
	objectVersion = 46;
	objects = {

/* Begin PBXBuildFile section */
		AFFF45F91A3B8A5D00DA64C7 /* main.cpp in Sources */ = {isa = PBXBuildFile; fileRef = AFFF45F81A3B8A5D00DA64C7 /* main.cpp */; };
/* End PBXBuildFile section */

/* Begin PBXCopyFilesBuildPhase section */
		AFFF45F31A3B8A5D00DA64C7 /* CopyFiles */ = {
			isa = PBXCopyFilesBuildPhase;
			buildActionMask = 2147483647;
			dstPath = /usr/share/man/man1/;
			dstSubfolderSpec = 0;
			files = (
			);
			runOnlyForDeploymentPostprocessing = 1;
		};
/* End PBXCopyFilesBuildPhase section */

/* Begin PBXFileReference section */
		AFFF45F51A3B8A5D00DA64C7 /* Pacman */ = {isa = PBXFileReference; explicitFileType = "compiled.mach-o.executable"; includeInIndex = 0; path = Pacman; sourceTree = BUILT_PRODUCTS_DIR; };
		AFFF45F81A3B8A5D00DA64C7 /* main.cpp */ = {isa = PBXFileReference; lastKnownFileType = sourcecode.cpp.cpp; path = main.cpp; sourceTree = "<group>"; };
/* End PBXFileReference section */

/* Begin PBXFrameworksBuildPhase section */
		AFFF45F21A3B8A5D00DA64C7 /* Frameworks */ = {
			isa = PBXFrameworksBuildPhase;
			buildActionMask = 2147483647;
			files = (
			);
			runOnlyForDeploymentPostprocessing = 0;
		};
/* End PBXFrameworksBuildPhase section */

/* Begin PBXGroup section */
		AFFF45EC1A3B8A5D00DA64C7 = {
			isa = PBXGroup;
			children = (
				AFFF45F71A3B8A5D00DA64C7 /* Pacman */,
				AFFF45F61A3B8A5D00DA64C7 /* Products */,
			);
			sourceTree = "<group>";
		};
		AFFF45F61A3B8A5D00DA64C7 /* Products */ = {
			isa = PBXGroup;
			children = (
				AFFF45F51A3B8A5D00DA64C7 /* Pacman */,
			);
			name = Products;
			sourceTree = "<group>";
		};
		AFFF45F71A3B8A5D00DA64C7 /* Pacman */ = {
			isa = PBXGroup;
			children = (
				AFFF45F81A3B8A5D00DA64C7 /* main.cpp */,
			);
			path = Pacman;
			sourceTree = "<group>";
		};
/* End PBXGroup section */

/* Begin PBXNativeTarget section */
		AFFF45F41A3B8A5D00DA64C7 /* Pacman */ = {
			isa = PBXNativeTarget;
			buildConfigurationList = AFFF45FC1A3B8A5D00DA64C7 /* Build configuration list for PBXNativeTarget "Pacman" */;
			buildPhases = (
				AFFF45F11A3B8A5D00DA64C7 /* Sources */,
				AFFF45F21A3B8A5D00DA64C7 /* Frameworks */,
				AFFF45F31A3B8A5D00DA64C7 /* CopyFiles */,
			);
			buildRules = (
			);
			dependencies = (
			);
			name = Pacman;
			productName = Pacman;
			productReference = AFFF45F51A3B8A5D00DA64C7 /* Pacman */;
			productType = "com.apple.product-type.tool";
		};
/* End PBXNativeTarget section */

/* Begin PBXProject section */
		AFFF45ED1A3B8A5D00DA64C7 /* Project object */ = {
			isa = PBXProject;
			attributes = {
				LastUpgradeCheck = 0610;
				ORGANIZATIONNAME = "YingJ Ma";
				TargetAttributes = {
					AFFF45F41A3B8A5D00DA64C7 = {
						CreatedOnToolsVersion = 6.1.1;
					};
				};
			};
			buildConfigurationList = AFFF45F01A3B8A5D00DA64C7 /* Build configuration list for PBXProject "Pacman" */;
			compatibilityVersion = "Xcode 3.2";
			developmentRegion = English;
			hasScannedForEncodings = 0;
			knownRegions = (
				en,
			);
			mainGroup = AFFF45EC1A3B8A5D00DA64C7;
			productRefGroup = AFFF45F61A3B8A5D00DA64C7 /* Products */;
			projectDirPath = "";
			projectRoot = "";
			targets = (
				AFFF45F41A3B8A5D00DA64C7 /* Pacman */,
			);
		};
/* End PBXProject section */

/* Begin PBXSourcesBuildPhase section */
		AFFF45F11A3B8A5D00DA64C7 /* Sources */ = {
			isa = PBXSourcesBuildPhase;
			buildActionMask = 2147483647;
			files = (
				AFFF45F91A3B8A5D00DA64C7 /* main.cpp in Sources */,
			);
			runOnlyForDeploymentPostprocessing = 0;
		};
/* End PBXSourcesBuildPhase section */

/* Begin XCBuildConfiguration section */
		AFFF45FA1A3B8A5D00DA64C7 /* Debug */ = {
			isa = XCBuildConfiguration;
			buildSettings = {
				ALWAYS_SEARCH_USER_PATHS = NO;
				CLANG_CXX_LANGUAGE_STANDARD = "gnu++0x";
				CLANG_CXX_LIBRARY = "libc++";
				CLANG_ENABLE_MODULES = YES;
				CLANG_ENABLE_OBJC_ARC = YES;
				CLANG_WARN_BOOL_CONVERSION = YES;
				CLANG_WARN_CONSTANT_CONVERSION = YES;
				CLANG_WARN_DIRECT_OBJC_ISA_USAGE = YES_ERROR;
				CLANG_WARN_EMPTY_BODY = YES;
				CLANG_WARN_ENUM_CONVERSION = YES;
				CLANG_WARN_INT_CONVERSION = YES;
				CLANG_WARN_OBJC_ROOT_CLASS = YES_ERROR;
				CLANG_WARN_UNREACHABLE_CODE = YES;
				CLANG_WARN__DUPLICATE_METHOD_MATCH = YES;
				COPY_PHASE_STRIP = NO;
				ENABLE_STRICT_OBJC_MSGSEND = YES;
				GCC_C_LANGUAGE_STANDARD = gnu99;
				GCC_DYNAMIC_NO_PIC = NO;
				GCC_OPTIMIZATION_LEVEL = 0;
				GCC_PREPROCESSOR_DEFINITIONS = (
					"DEBUG=1",
					"$(inherited)",
				);
				GCC_SYMBOLS_PRIVATE_EXTERN = NO;
				GCC_WARN_64_TO_32_BIT_CONVERSION = YES;
				GCC_WARN_ABOUT_RETURN_TYPE = YES_ERROR;
				GCC_WARN_UNDECLARED_SELECTOR = YES;
				GCC_WARN_UNINITIALIZED_AUTOS = YES_AGGRESSIVE;
				GCC_WARN_UNUSED_FUNCTION = YES;
				GCC_WARN_UNUSED_VARIABLE = YES;
				MACOSX_DEPLOYMENT_TARGET = 10.10;
				MTL_ENABLE_DEBUG_INFO = YES;
				ONLY_ACTIVE_ARCH = YES;
				SDKROOT = macosx;
			};
			name = Debug;
		};
		AFFF45FB1A3B8A5D00DA64C7 /* Release */ = {
			isa = XCBuildConfiguration;
			buildSettings = {
				ALWAYS_SEARCH_USER_PATHS = NO;
				CLANG_CXX_LANGUAGE_STANDARD = "gnu++0x";
				CLANG_CXX_LIBRARY = "libc++";
				CLANG_ENABLE_MODULES = YES;
				CLANG_ENABLE_OBJC_ARC = YES;
				CLANG_WARN_BOOL_CONVERSION = YES;
				CLANG_WARN_CONSTANT_CONVERSION = YES;
				CLANG_WARN_DIRECT_OBJC_ISA_USAGE = YES_ERROR;
				CLANG_WARN_EMPTY_BODY = YES;
				CLANG_WARN_ENUM_CONVERSION = YES;
				CLANG_WARN_INT_CONVERSION = YES;
				CLANG_WARN_OBJC_ROOT_CLASS = YES_ERROR;
				CLANG_WARN_UNREACHABLE_CODE = YES;
				CLANG_WARN__DUPLICATE_METHOD_MATCH = YES;
				COPY_PHASE_STRIP = YES;
				DEBUG_INFORMATION_FORMAT = "dwarf-with-dsym";
				ENABLE_NS_ASSERTIONS = NO;
				ENABLE_STRICT_OBJC_MSGSEND = YES;
				GCC_C_LANGUAGE_STANDARD = gnu99;
				GCC_WARN_64_TO_32_BIT_CONVERSION = YES;
				GCC_WARN_ABOUT_RETURN_TYPE = YES_ERROR;
				GCC_WARN_UNDECLARED_SELECTOR = YES;
				GCC_WARN_UNINITIALIZED_AUTOS = YES_AGGRESSIVE;
				GCC_WARN_UNUSED_FUNCTION = YES;
				GCC_WARN_UNUSED_VARIABLE = YES;
				MACOSX_DEPLOYMENT_TARGET = 10.10;
				MTL_ENABLE_DEBUG_INFO = NO;
				SDKROOT = macosx;
			};
			name = Release;
		};
		AFFF45FD1A3B8A5D00DA64C7 /* Debug */ = {
			isa = XCBuildConfiguration;
			buildSettings = {
				PRODUCT_NAME = "$(TARGET_NAME)";
			};
			name = Debug;
		};
		AFFF45FE1A3B8A5D00DA64C7 /* Release */ = {
			isa = XCBuildConfiguration;
			buildSettings = {
				PRODUCT_NAME = "$(TARGET_NAME)";
			};
			name = Release;
		};
/* End XCBuildConfiguration section */

/* Begin XCConfigurationList section */
		AFFF45F01A3B8A5D00DA64C7 /* Build configuration list for PBXProject "Pacman" */ = {
			isa = XCConfigurationList;
			buildConfigurations = (
				AFFF45FA1A3B8A5D00DA64C7 /* Debug */,
				AFFF45FB1A3B8A5D00DA64C7 /* Release */,
			);
			defaultConfigurationIsVisible = 0;
			defaultConfigurationName = Release;
		};
		AFFF45FC1A3B8A5D00DA64C7 /* Build configuration list for PBXNativeTarget "Pacman" */ = {
			isa = XCConfigurationList;
			buildConfigurations = (
				AFFF45FD1A3B8A5D00DA64C7 /* Debug */,
				AFFF45FE1A3B8A5D00DA64C7 /* Release */,
			);
			defaultConfigurationIsVisible = 0;
		};
/* End XCConfigurationList section */
	};
	rootObject = AFFF45ED1A3B8A5D00DA64C7 /* Project object */;
}
